{
  "name": "edi",
  "version": "1.0.0",
  "lockfileVersion": 2,
  "requires": true,
  "packages": {
    "": {
      "name": "edi",
      "version": "1.0.0",
      "license": "ISC",
      "dependencies": {
        "x12-parser": "^1.1.1"
      }
    },
    "node_modules/x12-parser": {
      "version": "1.1.1",
      "resolved": "https://registry.npmjs.org/x12-parser/-/x12-parser-1.1.1.tgz",
      "integrity": "sha512-MyehFbI6YvnqKICVxM7gGrn+HjGD2stod+3GDvuNYnFiAi6aMEgdriHApCj4LKE9svdYqzuRJXjdKqHjbPEdVg=="
    }
  },
  "dependencies": {
    "x12-parser": {
      "version": "1.1.1",
      "resolved": "https://registry.npmjs.org/x12-parser/-/x12-parser-1.1.1.tgz",
      "integrity": "sha512-MyehFbI6YvnqKICVxM7gGrn+HjGD2stod+3GDvuNYnFiAi6aMEgdriHApCj4LKE9svdYqzuRJXjdKqHjbPEdVg=="
    }
  }
}
